# This file is autogenerated, do not edit; changes may be undone by the next 'dep ensure'.


[[projects]]
  name = "github.com/davecgh/go-spew"
  packages = ["spew"]
  revision = "346938d642f2ec3594ed81d874461961cd0faa76"
  version = "v1.1.0"

[[projects]]
  name = "github.com/pmezard/go-difflib"
  packages = ["difflib"]
  revision = "792786c7400a136282c1664665ae0a8db921c6c2"
  version = "v1.0.0"

[[projects]]
  name = "github.com/stretchr/testify"
  packages = ["assert"]
  revision = "12b6f73e6084dad08a7c6e575284b177ecafbc71"
  version = "v1.2.1"

[[projects]]
  branch = "master"
  name = "golang.org/x/crypto"
  packages = [
    "pbkdf2",
    "scrypt"
  ]
  revision = "b47b1587369238182299fe4dad77d05b8b461e06"

[[projects]]
  name = "gopkg.in/oauth2.v3"
  packages = ["."]
  revision = "6f608a6e0307a97455db74fa5297fd38cb249aa7"
  version = "v3.8.4"

[solve-meta]
  analyzer-name = "dep"
  analyzer-version = 1
  inputs-digest = "3f3fddbd8c17ff7902129e05eaffc02735cf1424ccc01884416cd4e8a056691e"
  solver-name = "gps-cdcl"
  solver-version = 1
